// !$*UTF8*$!
{
	archiveVersion = 1;
	classes = {
	};
	objectVersion = 46;
	objects = {

/* Begin PBXBuildFile section */
		271737F61C1EE67100DE5CB4 /* Recive.m in Sources */ = {isa = PBXBuildFile; fileRef = 271737F41C1EE67100DE5CB4 /* Recive.m */; };
		276D09101C06ABAF004921C0 /* IMG_0035.jpg in Resources */ = {isa = PBXBuildFile; fileRef = 276D090F1C06ABAF004921C0 /* IMG_0035.jpg */; };
		276D09131C06B11B004921C0 /* MBProgressHUD.m in Sources */ = {isa = PBXBuildFile; fileRef = 276D09121C06B11B004921C0 /* MBProgressHUD.m */; };
		27ADA3261BFED1180019B430 /* XTSHTTPController.m in Sources */ = {isa = PBXBuildFile; fileRef = 27ADA3251BFED1180019B430 /* XTSHTTPController.m */; };
		27ADA3281BFF097D0019B430 /* photo.jpeg in Resources */ = {isa = PBXBuildFile; fileRef = 27ADA3271BFF097D0019B430 /* photo.jpeg */; };
		27DB8E911C03E66A00752823 /* StateMonitorTableViewController.m in Sources */ = {isa = PBXBuildFile; fileRef = 27DB8E901C03E66A00752823 /* StateMonitorTableViewController.m */; };
		27DB8E941C03E89700752823 /* StateMonitorList.plist in Resources */ = {isa = PBXBuildFile; fileRef = 27DB8E931C03E89700752823 /* StateMonitorList.plist */; };
		27DB8E971C03ECEC00752823 /* managedObjectConfiguration.m in Sources */ = {isa = PBXBuildFile; fileRef = 27DB8E961C03ECEC00752823 /* managedObjectConfiguration.m */; };
		27DCD7CC1BF5E0E700201075 /* main.m in Sources */ = {isa = PBXBuildFile; fileRef = 27DCD7CB1BF5E0E700201075 /* main.m */; };
		27DCD7CF1BF5E0E700201075 /* AppDelegate.m in Sources */ = {isa = PBXBuildFile; fileRef = 27DCD7CE1BF5E0E700201075 /* AppDelegate.m */; };
		27DCD7D51BF5E0E700201075 /* SecondViewController.m in Sources */ = {isa = PBXBuildFile; fileRef = 27DCD7D41BF5E0E700201075 /* SecondViewController.m */; };
		27DCD7D81BF5E0E700201075 /* Main.storyboard in Resources */ = {isa = PBXBuildFile; fileRef = 27DCD7D61BF5E0E700201075 /* Main.storyboard */; };
		27DCD7DA1BF5E0E700201075 /* Assets.xcassets in Resources */ = {isa = PBXBuildFile; fileRef = 27DCD7D91BF5E0E700201075 /* Assets.xcassets */; };
		27DCD7DD1BF5E0E700201075 /* LaunchScreen.storyboard in Resources */ = {isa = PBXBuildFile; fileRef = 27DCD7DB1BF5E0E700201075 /* LaunchScreen.storyboard */; };
		27EBBBA41BF616950029C097 /* XTSSocketController.m in Sources */ = {isa = PBXBuildFile; fileRef = 27EBBBA31BF616950029C097 /* XTSSocketController.m */; };
		27F5A60F1C05A8D200BD4C61 /* XTSInfoCell.m in Sources */ = {isa = PBXBuildFile; fileRef = 27F5A60E1C05A8D200BD4C61 /* XTSInfoCell.m */; };
		27F5A6121C05AC4B00BD4C61 /* UpDataModel.xcdatamodeld in Sources */ = {isa = PBXBuildFile; fileRef = 27F5A6101C05AC4B00BD4C61 /* UpDataModel.xcdatamodeld */; };
		27F5A6151C05CDFD00BD4C61 /* XTSStateCell.m in Sources */ = {isa = PBXBuildFile; fileRef = 27F5A6141C05CDFD00BD4C61 /* XTSStateCell.m */; };
		27F5A6171C05CFE400BD4C61 /* 红色按钮.jpg in Resources */ = {isa = PBXBuildFile; fileRef = 27F5A6161C05CFE400BD4C61 /* 红色按钮.jpg */; };
		27F5A6191C05D07400BD4C61 /* 黑色按钮.png in Resources */ = {isa = PBXBuildFile; fileRef = 27F5A6181C05D07400BD4C61 /* 黑色按钮.png */; };
		27F5A61C1C05E06F00BD4C61 /* ModifyViewController.m in Sources */ = {isa = PBXBuildFile; fileRef = 27F5A61B1C05E06F00BD4C61 /* ModifyViewController.m */; };
		27FE65DA1C0FE662003EC968 /* managedObjectViewController.m in Sources */ = {isa = PBXBuildFile; fileRef = 27FE65D91C0FE662003EC968 /* managedObjectViewController.m */; };
		27FE65DD1C0FE7F1003EC968 /* AutoModeViewController.m in Sources */ = {isa = PBXBuildFile; fileRef = 27FE65DC1C0FE7F1003EC968 /* AutoModeViewController.m */; };
		27FE65DF1C0FE90E003EC968 /* AutoModeTableList.plist in Resources */ = {isa = PBXBuildFile; fileRef = 27FE65DE1C0FE90E003EC968 /* AutoModeTableList.plist */; };
		27FE65E21C0FF308003EC968 /* XTSAutoSetCell.m in Sources */ = {isa = PBXBuildFile; fileRef = 27FE65E11C0FF308003EC968 /* XTSAutoSetCell.m */; };
/* End PBXBuildFile section */

/* Begin PBXFileReference section */
		271737F31C1EE67100DE5CB4 /* Recive.h */ = {isa = PBXFileReference; fileEncoding = 4; lastKnownFileType = sourcecode.c.h; path = Recive.h; sourceTree = "<group>"; };
		271737F41C1EE67100DE5CB4 /* Recive.m */ = {isa = PBXFileReference; fileEncoding = 4; lastKnownFileType = sourcecode.c.objc; path = Recive.m; sourceTree = "<group>"; };
		276D090F1C06ABAF004921C0 /* IMG_0035.jpg */ = {isa = PBXFileReference; lastKnownFileType = image.jpeg; path = IMG_0035.jpg; sourceTree = "<group>"; };
		276D09111C06B11B004921C0 /* MBProgressHUD.h */ = {isa = PBXFileReference; fileEncoding = 4; lastKnownFileType = sourcecode.c.h; path = MBProgressHUD.h; sourceTree = "<group>"; };
		276D09121C06B11B004921C0 /* MBProgressHUD.m */ = {isa = PBXFileReference; fileEncoding = 4; lastKnownFileType = sourcecode.c.objc; path = MBProgressHUD.m; sourceTree = "<group>"; };
		27ADA3241BFED1180019B430 /* XTSHTTPController.h */ = {isa = PBXFileReference; fileEncoding = 4; lastKnownFileType = sourcecode.c.h; path = XTSHTTPController.h; sourceTree = "<group>"; };
		27ADA3251BFED1180019B430 /* XTSHTTPController.m */ = {isa = PBXFileReference; fileEncoding = 4; lastKnownFileType = sourcecode.c.objc; path = XTSHTTPController.m; sourceTree = "<group>"; };
		27ADA3271BFF097D0019B430 /* photo.jpeg */ = {isa = PBXFileReference; lastKnownFileType = image.jpeg; path = photo.jpeg; sourceTree = "<group>"; };
		27DB8E8F1C03E66A00752823 /* StateMonitorTableViewController.h */ = {isa = PBXFileReference; fileEncoding = 4; lastKnownFileType = sourcecode.c.h; path = StateMonitorTableViewController.h; sourceTree = "<group>"; };
		27DB8E901C03E66A00752823 /* StateMonitorTableViewController.m */ = {isa = PBXFileReference; fileEncoding = 4; lastKnownFileType = sourcecode.c.objc; path = StateMonitorTableViewController.m; sourceTree = "<group>"; };
		27DB8E931C03E89700752823 /* StateMonitorList.plist */ = {isa = PBXFileReference; fileEncoding = 4; lastKnownFileType = text.plist.xml; path = StateMonitorList.plist; sourceTree = "<group>"; };
		27DB8E951C03ECEC00752823 /* managedObjectConfiguration.h */ = {isa = PBXFileReference; fileEncoding = 4; lastKnownFileType = sourcecode.c.h; path = managedObjectConfiguration.h; sourceTree = "<group>"; };
		27DB8E961C03ECEC00752823 /* managedObjectConfiguration.m */ = {isa = PBXFileReference; fileEncoding = 4; lastKnownFileType = sourcecode.c.objc; path = managedObjectConfiguration.m; sourceTree = "<group>"; };
		27DCD7C71BF5E0E700201075 /* PneumaticController.app */ = {isa = PBXFileReference; explicitFileType = wrapper.application; includeInIndex = 0; path = PneumaticController.app; sourceTree = BUILT_PRODUCTS_DIR; };
		27DCD7CB1BF5E0E700201075 /* main.m */ = {isa = PBXFileReference; lastKnownFileType = sourcecode.c.objc; path = main.m; sourceTree = "<group>"; };
		27DCD7CD1BF5E0E700201075 /* AppDelegate.h */ = {isa = PBXFileReference; lastKnownFileType = sourcecode.c.h; path = AppDelegate.h; sourceTree = "<group>"; };
		27DCD7CE1BF5E0E700201075 /* AppDelegate.m */ = {isa = PBXFileReference; lastKnownFileType = sourcecode.c.objc; path = AppDelegate.m; sourceTree = "<group>"; };
		27DCD7D31BF5E0E700201075 /* SecondViewController.h */ = {isa = PBXFileReference; lastKnownFileType = sourcecode.c.h; path = SecondViewController.h; sourceTree = "<group>"; };
		27DCD7D41BF5E0E700201075 /* SecondViewController.m */ = {isa = PBXFileReference; lastKnownFileType = sourcecode.c.objc; path = SecondViewController.m; sourceTree = "<group>"; };
		27DCD7D71BF5E0E700201075 /* Base */ = {isa = PBXFileReference; lastKnownFileType = file.storyboard; name = Base; path = Base.lproj/Main.storyboard; sourceTree = "<group>"; };
		27DCD7D91BF5E0E700201075 /* Assets.xcassets */ = {isa = PBXFileReference; lastKnownFileType = folder.assetcatalog; path = Assets.xcassets; sourceTree = "<group>"; };
		27DCD7DC1BF5E0E700201075 /* Base */ = {isa = PBXFileReference; lastKnownFileType = file.storyboard; name = Base; path = Base.lproj/LaunchScreen.storyboard; sourceTree = "<group>"; };
		27DCD7DE1BF5E0E700201075 /* Info.plist */ = {isa = PBXFileReference; lastKnownFileType = text.plist.xml; path = Info.plist; sourceTree = "<group>"; };
		27EBBBA21BF616950029C097 /* XTSSocketController.h */ = {isa = PBXFileReference; fileEncoding = 4; lastKnownFileType = sourcecode.c.h; path = XTSSocketController.h; sourceTree = "<group>"; };
		27EBBBA31BF616950029C097 /* XTSSocketController.m */ = {isa = PBXFileReference; fileEncoding = 4; lastKnownFileType = sourcecode.c.objc; path = XTSSocketController.m; sourceTree = "<group>"; };
		27F5A60D1C05A8D200BD4C61 /* XTSInfoCell.h */ = {isa = PBXFileReference; fileEncoding = 4; lastKnownFileType = sourcecode.c.h; path = XTSInfoCell.h; sourceTree = "<group>"; };
		27F5A60E1C05A8D200BD4C61 /* XTSInfoCell.m */ = {isa = PBXFileReference; fileEncoding = 4; lastKnownFileType = sourcecode.c.objc; path = XTSInfoCell.m; sourceTree = "<group>"; };
		27F5A6111C05AC4B00BD4C61 /* UpDataModel.xcdatamodel */ = {isa = PBXFileReference; lastKnownFileType = wrapper.xcdatamodel; path = UpDataModel.xcdatamodel; sourceTree = "<group>"; };
		27F5A6131C05CDFD00BD4C61 /* XTSStateCell.h */ = {isa = PBXFileReference; fileEncoding = 4; lastKnownFileType = sourcecode.c.h; path = XTSStateCell.h; sourceTree = "<group>"; };
		27F5A6141C05CDFD00BD4C61 /* XTSStateCell.m */ = {isa = PBXFileReference; fileEncoding = 4; lastKnownFileType = sourcecode.c.objc; path = XTSStateCell.m; sourceTree = "<group>"; };
		27F5A6161C05CFE400BD4C61 /* 红色按钮.jpg */ = {isa = PBXFileReference; lastKnownFileType = image.jpeg; path = "红色按钮.jpg"; sourceTree = "<group>"; };
		27F5A6181C05D07400BD4C61 /* 黑色按钮.png */ = {isa = PBXFileReference; lastKnownFileType = image.png; path = "黑色按钮.png"; sourceTree = "<group>"; };
		27F5A61A1C05E06F00BD4C61 /* ModifyViewController.h */ = {isa = PBXFileReference; fileEncoding = 4; lastKnownFileType = sourcecode.c.h; path = ModifyViewController.h; sourceTree = "<group>"; };
		27F5A61B1C05E06F00BD4C61 /* ModifyViewController.m */ = {isa = PBXFileReference; fileEncoding = 4; lastKnownFileType = sourcecode.c.objc; path = ModifyViewController.m; sourceTree = "<group>"; };
		27FE65D81C0FE662003EC968 /* managedObjectViewController.h */ = {isa = PBXFileReference; fileEncoding = 4; indentWidth = 4; lastKnownFileType = sourcecode.c.h; path = managedObjectViewController.h; sourceTree = "<group>"; tabWidth = 4; usesTabs = 0; wrapsLines = 1; };
		27FE65D91C0FE662003EC968 /* managedObjectViewController.m */ = {isa = PBXFileReference; fileEncoding = 4; indentWidth = 4; lastKnownFileType = sourcecode.c.objc; path = managedObjectViewController.m; sourceTree = "<group>"; tabWidth = 4; usesTabs = 0; wrapsLines = 1; };
		27FE65DB1C0FE7F1003EC968 /* AutoModeViewController.h */ = {isa = PBXFileReference; fileEncoding = 4; lastKnownFileType = sourcecode.c.h; path = AutoModeViewController.h; sourceTree = "<group>"; };
		27FE65DC1C0FE7F1003EC968 /* AutoModeViewController.m */ = {isa = PBXFileReference; fileEncoding = 4; lastKnownFileType = sourcecode.c.objc; path = AutoModeViewController.m; sourceTree = "<group>"; };
		27FE65DE1C0FE90E003EC968 /* AutoModeTableList.plist */ = {isa = PBXFileReference; fileEncoding = 4; lastKnownFileType = text.plist.xml; path = AutoModeTableList.plist; sourceTree = "<group>"; };
		27FE65E01C0FF308003EC968 /* XTSAutoSetCell.h */ = {isa = PBXFileReference; fileEncoding = 4; lastKnownFileType = sourcecode.c.h; path = XTSAutoSetCell.h; sourceTree = "<group>"; };
		27FE65E11C0FF308003EC968 /* XTSAutoSetCell.m */ = {isa = PBXFileReference; fileEncoding = 4; lastKnownFileType = sourcecode.c.objc; path = XTSAutoSetCell.m; sourceTree = "<group>"; };
/* End PBXFileReference section */

/* Begin PBXFrameworksBuildPhase section */
		27DCD7C41BF5E0E700201075 /* Frameworks */ = {
			isa = PBXFrameworksBuildPhase;
			buildActionMask = 2147483647;
			files = (
			);
			runOnlyForDeploymentPostprocessing = 0;
		};
/* End PBXFrameworksBuildPhase section */

/* Begin PBXGroup section */
		27DCD7BE1BF5E0E700201075 = {
			isa = PBXGroup;
			children = (
				27DB8E931C03E89700752823 /* StateMonitorList.plist */,
				271737F31C1EE67100DE5CB4 /* Recive.h */,
				271737F41C1EE67100DE5CB4 /* Recive.m */,
				27FE65DE1C0FE90E003EC968 /* AutoModeTableList.plist */,
				27DCD7C91BF5E0E700201075 /* PneumaticController */,
				27DCD7C81BF5E0E700201075 /* Products */,
			);
			sourceTree = "<group>";
		};
		27DCD7C81BF5E0E700201075 /* Products */ = {
			isa = PBXGroup;
			children = (
				27DCD7C71BF5E0E700201075 /* PneumaticController.app */,
			);
			name = Products;
			sourceTree = "<group>";
		};
		27DCD7C91BF5E0E700201075 /* PneumaticController */ = {
			isa = PBXGroup;
			children = (
				276D09111C06B11B004921C0 /* MBProgressHUD.h */,
				276D09121C06B11B004921C0 /* MBProgressHUD.m */,
				27DCD7CD1BF5E0E700201075 /* AppDelegate.h */,
				27ADA3271BFF097D0019B430 /* photo.jpeg */,
				27DCD7CE1BF5E0E700201075 /* AppDelegate.m */,
				27DCD7D31BF5E0E700201075 /* SecondViewController.h */,
				27DCD7D41BF5E0E700201075 /* SecondViewController.m */,
				27DCD7D61BF5E0E700201075 /* Main.storyboard */,
				27F5A61A1C05E06F00BD4C61 /* ModifyViewController.h */,
				27F5A61B1C05E06F00BD4C61 /* ModifyViewController.m */,
				27DB8E8F1C03E66A00752823 /* StateMonitorTableViewController.h */,
				27DB8E901C03E66A00752823 /* StateMonitorTableViewController.m */,
				27FE65DB1C0FE7F1003EC968 /* AutoModeViewController.h */,
				27FE65DC1C0FE7F1003EC968 /* AutoModeViewController.m */,
				27F5A6101C05AC4B00BD4C61 /* UpDataModel.xcdatamodeld */,
				27F5A6131C05CDFD00BD4C61 /* XTSStateCell.h */,
				27F5A6141C05CDFD00BD4C61 /* XTSStateCell.m */,
				27F5A60D1C05A8D200BD4C61 /* XTSInfoCell.h */,
				27F5A60E1C05A8D200BD4C61 /* XTSInfoCell.m */,
				27FE65E01C0FF308003EC968 /* XTSAutoSetCell.h */,
				27FE65E11C0FF308003EC968 /* XTSAutoSetCell.m */,
				27FE65D81C0FE662003EC968 /* managedObjectViewController.h */,
				27FE65D91C0FE662003EC968 /* managedObjectViewController.m */,
				27DB8E951C03ECEC00752823 /* managedObjectConfiguration.h */,
				27DB8E961C03ECEC00752823 /* managedObjectConfiguration.m */,
				27DCD7D91BF5E0E700201075 /* Assets.xcassets */,
				27DCD7DB1BF5E0E700201075 /* LaunchScreen.storyboard */,
				27DCD7DE1BF5E0E700201075 /* Info.plist */,
				27EBBBA21BF616950029C097 /* XTSSocketController.h */,
				27EBBBA31BF616950029C097 /* XTSSocketController.m */,
				27ADA3241BFED1180019B430 /* XTSHTTPController.h */,
				27ADA3251BFED1180019B430 /* XTSHTTPController.m */,
				27DCD7CA1BF5E0E700201075 /* Supporting Files */,
			);
			path = PneumaticController;
			sourceTree = "<group>";
		};
		27DCD7CA1BF5E0E700201075 /* Supporting Files */ = {
			isa = PBXGroup;
			children = (
				276D090F1C06ABAF004921C0 /* IMG_0035.jpg */,
				27F5A6181C05D07400BD4C61 /* 黑色按钮.png */,
				27F5A6161C05CFE400BD4C61 /* 红色按钮.jpg */,
				27DCD7CB1BF5E0E700201075 /* main.m */,
			);
			name = "Supporting Files";
			sourceTree = "<group>";
		};
/* End PBXGroup section */

/* Begin PBXNativeTarget section */
		27DCD7C61BF5E0E700201075 /* PneumaticController */ = {
			isa = PBXNativeTarget;
			buildConfigurationList = 27DCD7E11BF5E0E700201075 /* Build configuration list for PBXNativeTarget "PneumaticController" */;
			buildPhases = (
				27DCD7C31BF5E0E700201075 /* Sources */,
				27DCD7C41BF5E0E700201075 /* Frameworks */,
				27DCD7C51BF5E0E700201075 /* Resources */,
			);
			buildRules = (
			);
			dependencies = (
			);
			name = PneumaticController;
			productName = PneumaticController;
			productReference = 27DCD7C71BF5E0E700201075 /* PneumaticController.app */;
			productType = "com.apple.product-type.application";
		};
/* End PBXNativeTarget section */

/* Begin PBXProject section */
		27DCD7BF1BF5E0E700201075 /* Project object */ = {
			isa = PBXProject;
			attributes = {
				LastUpgradeCheck = 0710;
				ORGANIZATIONNAME = virus1993;
				TargetAttributes = {
					27DCD7C61BF5E0E700201075 = {
						CreatedOnToolsVersion = 7.1;
						DevelopmentTeam = VL4HZ47MVP;
					};
				};
			};
			buildConfigurationList = 27DCD7C21BF5E0E700201075 /* Build configuration list for PBXProject "PneumaticController" */;
			compatibilityVersion = "Xcode 3.2";
			developmentRegion = English;
			hasScannedForEncodings = 0;
			knownRegions = (
				en,
				Base,
			);
			mainGroup = 27DCD7BE1BF5E0E700201075;
			productRefGroup = 27DCD7C81BF5E0E700201075 /* Products */;
			projectDirPath = "";
			projectRoot = "";
			targets = (
				27DCD7C61BF5E0E700201075 /* PneumaticController */,
			);
		};
/* End PBXProject section */

/* Begin PBXResourcesBuildPhase section */
		27DCD7C51BF5E0E700201075 /* Resources */ = {
			isa = PBXResourcesBuildPhase;
			buildActionMask = 2147483647;
			files = (
				27F5A6171C05CFE400BD4C61 /* 红色按钮.jpg in Resources */,
				27ADA3281BFF097D0019B430 /* photo.jpeg in Resources */,
				27DCD7DD1BF5E0E700201075 /* LaunchScreen.storyboard in Resources */,
				27DCD7DA1BF5E0E700201075 /* Assets.xcassets in Resources */,
				27FE65DF1C0FE90E003EC968 /* AutoModeTableList.plist in Resources */,
				27DCD7D81BF5E0E700201075 /* Main.storyboard in Resources */,
				27F5A6191C05D07400BD4C61 /* 黑色按钮.png in Resources */,
				27DB8E941C03E89700752823 /* StateMonitorList.plist in Resources */,
				276D09101C06ABAF004921C0 /* IMG_0035.jpg in Resources */,
			);
			runOnlyForDeploymentPostprocessing = 0;
		};
/* End PBXResourcesBuildPhase section */

/* Begin PBXSourcesBuildPhase section */
		27DCD7C31BF5E0E700201075 /* Sources */ = {
			isa = PBXSourcesBuildPhase;
			buildActionMask = 2147483647;
			files = (
				27FE65DD1C0FE7F1003EC968 /* AutoModeViewController.m in Sources */,
				27F5A61C1C05E06F00BD4C61 /* ModifyViewController.m in Sources */,
				27F5A6151C05CDFD00BD4C61 /* XTSStateCell.m in Sources */,
				27FE65DA1C0FE662003EC968 /* managedObjectViewController.m in Sources */,
				27DCD7D51BF5E0E700201075 /* SecondViewController.m in Sources */,
				27F5A6121C05AC4B00BD4C61 /* UpDataModel.xcdatamodeld in Sources */,
				27ADA3261BFED1180019B430 /* XTSHTTPController.m in Sources */,
				27DCD7CF1BF5E0E700201075 /* AppDelegate.m in Sources */,
				27DB8E971C03ECEC00752823 /* managedObjectConfiguration.m in Sources */,
				27DB8E911C03E66A00752823 /* StateMonitorTableViewController.m in Sources */,
				27DCD7CC1BF5E0E700201075 /* main.m in Sources */,
				27F5A60F1C05A8D200BD4C61 /* XTSInfoCell.m in Sources */,
				27FE65E21C0FF308003EC968 /* XTSAutoSetCell.m in Sources */,
				27EBBBA41BF616950029C097 /* XTSSocketController.m in Sources */,
				271737F61C1EE67100DE5CB4 /* Recive.m in Sources */,
				276D09131C06B11B004921C0 /* MBProgressHUD.m in Sources */,
			);
			runOnlyForDeploymentPostprocessing = 0;
		};
/* End PBXSourcesBuildPhase section */

/* Begin PBXVariantGroup section */
		27DCD7D61BF5E0E700201075 /* Main.storyboard */ = {
			isa = PBXVariantGroup;
			children = (
				27DCD7D71BF5E0E700201075 /* Base */,
			);
			name = Main.storyboard;
			sourceTree = "<group>";
		};
		27DCD7DB1BF5E0E700201075 /* LaunchScreen.storyboard */ = {
			isa = PBXVariantGroup;
			children = (
				27DCD7DC1BF5E0E700201075 /* Base */,
			);
			name = LaunchScreen.storyboard;
			sourceTree = "<group>";
		};
/* End PBXVariantGroup section */

/* Begin XCBuildConfiguration section */
		27DCD7DF1BF5E0E700201075 /* Debug */ = {
			isa = XCBuildConfiguration;
			buildSettings = {
				ALWAYS_SEARCH_USER_PATHS = NO;
				CLANG_CXX_LANGUAGE_STANDARD = "gnu++0x";
				CLANG_CXX_LIBRARY = "libc++";
				CLANG_ENABLE_MODULES = YES;
				CLANG_ENABLE_OBJC_ARC = YES;
				CLANG_WARN_BOOL_CONVERSION = YES;
				CLANG_WARN_CONSTANT_CONVERSION = YES;
				CLANG_WARN_DIRECT_OBJC_ISA_USAGE = YES_ERROR;
				CLANG_WARN_EMPTY_BODY = YES;
				CLANG_WARN_ENUM_CONVERSION = YES;
				CLANG_WARN_INT_CONVERSION = YES;
				CLANG_WARN_OBJC_ROOT_CLASS = YES_ERROR;
				CLANG_WARN_UNREACHABLE_CODE = YES;
				CLANG_WARN__DUPLICATE_METHOD_MATCH = YES;
				"CODE_SIGN_IDENTITY[sdk=iphoneos*]" = "iPhone Developer";
				COPY_PHASE_STRIP = NO;
				DEBUG_INFORMATION_FORMAT = dwarf;
				ENABLE_STRICT_OBJC_MSGSEND = YES;
				ENABLE_TESTABILITY = YES;
				GCC_C_LANGUAGE_STANDARD = gnu99;
				GCC_DYNAMIC_NO_PIC = NO;
				GCC_NO_COMMON_BLOCKS = YES;
				GCC_OPTIMIZATION_LEVEL = 0;
				GCC_PREPROCESSOR_DEFINITIONS = (
					"DEBUG=1",
					"$(inherited)",
				);
				GCC_WARN_64_TO_32_BIT_CONVERSION = YES;
				GCC_WARN_ABOUT_RETURN_TYPE = YES_ERROR;
				GCC_WARN_UNDECLARED_SELECTOR = YES;
				GCC_WARN_UNINITIALIZED_AUTOS = YES_AGGRESSIVE;
				GCC_WARN_UNUSED_FUNCTION = YES;
				GCC_WARN_UNUSED_VARIABLE = YES;
				IPHONEOS_DEPLOYMENT_TARGET = 9.1;
				MTL_ENABLE_DEBUG_INFO = YES;
				ONLY_ACTIVE_ARCH = YES;
				SDKROOT = iphoneos;
			};
			name = Debug;
		};
		27DCD7E01BF5E0E700201075 /* Release */ = {
			isa = XCBuildConfiguration;
			buildSettings = {
				ALWAYS_SEARCH_USER_PATHS = NO;
				CLANG_CXX_LANGUAGE_STANDARD = "gnu++0x";
				CLANG_CXX_LIBRARY = "libc++";
				CLANG_ENABLE_MODULES = YES;
				CLANG_ENABLE_OBJC_ARC = YES;
				CLANG_WARN_BOOL_CONVERSION = YES;
				CLANG_WARN_CONSTANT_CONVERSION = YES;
				CLANG_WARN_DIRECT_OBJC_ISA_USAGE = YES_ERROR;
				CLANG_WARN_EMPTY_BODY = YES;
				CLANG_WARN_ENUM_CONVERSION = YES;
				CLANG_WARN_INT_CONVERSION = YES;
				CLANG_WARN_OBJC_ROOT_CLASS = YES_ERROR;
				CLANG_WARN_UNREACHABLE_CODE = YES;
				CLANG_WARN__DUPLICATE_METHOD_MATCH = YES;
				"CODE_SIGN_IDENTITY[sdk=iphoneos*]" = "iPhone Developer";
				COPY_PHASE_STRIP = NO;
				DEBUG_INFORMATION_FORMAT = "dwarf-with-dsym";
				ENABLE_NS_ASSERTIONS = NO;
				ENABLE_STRICT_OBJC_MSGSEND = YES;
				GCC_C_LANGUAGE_STANDARD = gnu99;
				GCC_NO_COMMON_BLOCKS = YES;
				GCC_WARN_64_TO_32_BIT_CONVERSION = YES;
				GCC_WARN_ABOUT_RETURN_TYPE = YES_ERROR;
				GCC_WARN_UNDECLARED_SELECTOR = YES;
				GCC_WARN_UNINITIALIZED_AUTOS = YES_AGGRESSIVE;
				GCC_WARN_UNUSED_FUNCTION = YES;
				GCC_WARN_UNUSED_VARIABLE = YES;
				IPHONEOS_DEPLOYMENT_TARGET = 9.1;
				MTL_ENABLE_DEBUG_INFO = NO;
				SDKROOT = iphoneos;
				VALIDATE_PRODUCT = YES;
			};
			name = Release;
		};
		27DCD7E21BF5E0E700201075 /* Debug */ = {
			isa = XCBuildConfiguration;
			buildSettings = {
				ASSETCATALOG_COMPILER_APPICON_NAME = AppIcon;
				CODE_SIGN_IDENTITY = "iPhone Developer";
				INFOPLIST_FILE = PneumaticController/Info.plist;
				IPHONEOS_DEPLOYMENT_TARGET = 9.2;
				LD_RUNPATH_SEARCH_PATHS = "$(inherited) @executable_path/Frameworks";
				PRODUCT_BUNDLE_IDENTIFIER = com.apress.PneumaticController;
				PRODUCT_NAME = "$(TARGET_NAME)";
			};
			name = Debug;
		};
		27DCD7E31BF5E0E700201075 /* Release */ = {
			isa = XCBuildConfiguration;
			buildSettings = {
				ASSETCATALOG_COMPILER_APPICON_NAME = AppIcon;
				CODE_SIGN_IDENTITY = "iPhone Developer";
				INFOPLIST_FILE = PneumaticController/Info.plist;
				IPHONEOS_DEPLOYMENT_TARGET = 9.2;
				LD_RUNPATH_SEARCH_PATHS = "$(inherited) @executable_path/Frameworks";
				PRODUCT_BUNDLE_IDENTIFIER = com.apress.PneumaticController;
				PRODUCT_NAME = "$(TARGET_NAME)";
			};
			name = Release;
		};
/* End XCBuildConfiguration section */

/* Begin XCConfigurationList section */
		27DCD7C21BF5E0E700201075 /* Build configuration list for PBXProject "PneumaticController" */ = {
			isa = XCConfigurationList;
			buildConfigurations = (
				27DCD7DF1BF5E0E700201075 /* Debug */,
				27DCD7E01BF5E0E700201075 /* Release */,
			);
			defaultConfigurationIsVisible = 0;
			defaultConfigurationName = Release;
		};
		27DCD7E11BF5E0E700201075 /* Build configuration list for PBXNativeTarget "PneumaticController" */ = {
			isa = XCConfigurationList;
			buildConfigurations = (
				27DCD7E21BF5E0E700201075 /* Debug */,
				27DCD7E31BF5E0E700201075 /* Release */,
			);
			defaultConfigurationIsVisible = 0;
			defaultConfigurationName = Release;
		};
/* End XCConfigurationList section */

/* Begin XCVersionGroup section */
		27F5A6101C05AC4B00BD4C61 /* UpDataModel.xcdatamodeld */ = {
			isa = XCVersionGroup;
			children = (
				27F5A6111C05AC4B00BD4C61 /* UpDataModel.xcdatamodel */,
			);
			currentVersion = 27F5A6111C05AC4B00BD4C61 /* UpDataModel.xcdatamodel */;
			path = UpDataModel.xcdatamodeld;
			sourceTree = "<group>";
			versionGroupType = wrapper.xcdatamodel;
		};
/* End XCVersionGroup section */
	};
	rootObject = 27DCD7BF1BF5E0E700201075 /* Project object */;
}
