// !$*UTF8*$!
{
	archiveVersion = 1;
	classes = {
	};
	objectVersion = 46;
	objects = {

/* Begin PBXBuildFile section */
		27DCD7CC1BF5E0E700201075 /* main.m in Sources */ = {isa = PBXBuildFile; fileRef = 27DCD7CB1BF5E0E700201075 /* main.m */; };
		27DCD7CF1BF5E0E700201075 /* AppDelegate.m in Sources */ = {isa = PBXBuildFile; fileRef = 27DCD7CE1BF5E0E700201075 /* AppDelegate.m */; };
		27DCD7D21BF5E0E700201075 /* FirstViewController.m in Sources */ = {isa = PBXBuildFile; fileRef = 27DCD7D11BF5E0E700201075 /* FirstViewController.m */; };
		27DCD7D51BF5E0E700201075 /* SecondViewController.m in Sources */ = {isa = PBXBuildFile; fileRef = 27DCD7D41BF5E0E700201075 /* SecondViewController.m */; };
		27DCD7D81BF5E0E700201075 /* Main.storyboard in Resources */ = {isa = PBXBuildFile; fileRef = 27DCD7D61BF5E0E700201075 /* Main.storyboard */; };
		27DCD7DA1BF5E0E700201075 /* Assets.xcassets in Resources */ = {isa = PBXBuildFile; fileRef = 27DCD7D91BF5E0E700201075 /* Assets.xcassets */; };
		27DCD7DD1BF5E0E700201075 /* LaunchScreen.storyboard in Resources */ = {isa = PBXBuildFile; fileRef = 27DCD7DB1BF5E0E700201075 /* LaunchScreen.storyboard */; };
/* End PBXBuildFile section */

/* Begin PBXFileReference section */
		27DCD7C71BF5E0E700201075 /* PneumaticController.app */ = {isa = PBXFileReference; explicitFileType = wrapper.application; includeInIndex = 0; path = PneumaticController.app; sourceTree = BUILT_PRODUCTS_DIR; };
		27DCD7CB1BF5E0E700201075 /* main.m */ = {isa = PBXFileReference; lastKnownFileType = sourcecode.c.objc; path = main.m; sourceTree = "<group>"; };
		27DCD7CD1BF5E0E700201075 /* AppDelegate.h */ = {isa = PBXFileReference; lastKnownFileType = sourcecode.c.h; path = AppDelegate.h; sourceTree = "<group>"; };
		27DCD7CE1BF5E0E700201075 /* AppDelegate.m */ = {isa = PBXFileReference; lastKnownFileType = sourcecode.c.objc; path = AppDelegate.m; sourceTree = "<group>"; };
		27DCD7D01BF5E0E700201075 /* FirstViewController.h */ = {isa = PBXFileReference; lastKnownFileType = sourcecode.c.h; path = FirstViewController.h; sourceTree = "<group>"; };
		27DCD7D11BF5E0E700201075 /* FirstViewController.m */ = {isa = PBXFileReference; lastKnownFileType = sourcecode.c.objc; path = FirstViewController.m; sourceTree = "<group>"; };
		27DCD7D31BF5E0E700201075 /* SecondViewController.h */ = {isa = PBXFileReference; lastKnownFileType = sourcecode.c.h; path = SecondViewController.h; sourceTree = "<group>"; };
		27DCD7D41BF5E0E700201075 /* SecondViewController.m */ = {isa = PBXFileReference; lastKnownFileType = sourcecode.c.objc; path = SecondViewController.m; sourceTree = "<group>"; };
		27DCD7D71BF5E0E700201075 /* Base */ = {isa = PBXFileReference; lastKnownFileType = file.storyboard; name = Base; path = Base.lproj/Main.storyboard; sourceTree = "<group>"; };
		27DCD7D91BF5E0E700201075 /* Assets.xcassets */ = {isa = PBXFileReference; lastKnownFileType = folder.assetcatalog; path = Assets.xcassets; sourceTree = "<group>"; };
		27DCD7DC1BF5E0E700201075 /* Base */ = {isa = PBXFileReference; lastKnownFileType = file.storyboard; name = Base; path = Base.lproj/LaunchScreen.storyboard; sourceTree = "<group>"; };
		27DCD7DE1BF5E0E700201075 /* Info.plist */ = {isa = PBXFileReference; lastKnownFileType = text.plist.xml; path = Info.plist; sourceTree = "<group>"; };
/* End PBXFileReference section */

/* Begin PBXFrameworksBuildPhase section */
		27DCD7C41BF5E0E700201075 /* Frameworks */ = {
			isa = PBXFrameworksBuildPhase;
			buildActionMask = 2147483647;
			files = (
			);
			runOnlyForDeploymentPostprocessing = 0;
		};
/* End PBXFrameworksBuildPhase section */

/* Begin PBXGroup section */
		27DCD7BE1BF5E0E700201075 = {
			isa = PBXGroup;
			children = (
				27DCD7C91BF5E0E700201075 /* PneumaticController */,
				27DCD7C81BF5E0E700201075 /* Products */,
			);
			sourceTree = "<group>";
		};
		27DCD7C81BF5E0E700201075 /* Products */ = {
			isa = PBXGroup;
			children = (
				27DCD7C71BF5E0E700201075 /* PneumaticController.app */,
			);
			name = Products;
			sourceTree = "<group>";
		};
		27DCD7C91BF5E0E700201075 /* PneumaticController */ = {
			isa = PBXGroup;
			children = (
				27DCD7CD1BF5E0E700201075 /* AppDelegate.h */,
				27DCD7CE1BF5E0E700201075 /* AppDelegate.m */,
				27DCD7D01BF5E0E700201075 /* FirstViewController.h */,
				27DCD7D11BF5E0E700201075 /* FirstViewController.m */,
				27DCD7D31BF5E0E700201075 /* SecondViewController.h */,
				27DCD7D41BF5E0E700201075 /* SecondViewController.m */,
				27DCD7D61BF5E0E700201075 /* Main.storyboard */,
				27DCD7D91BF5E0E700201075 /* Assets.xcassets */,
				27DCD7DB1BF5E0E700201075 /* LaunchScreen.storyboard */,
				27DCD7DE1BF5E0E700201075 /* Info.plist */,
				27DCD7CA1BF5E0E700201075 /* Supporting Files */,
			);
			path = PneumaticController;
			sourceTree = "<group>";
		};
		27DCD7CA1BF5E0E700201075 /* Supporting Files */ = {
			isa = PBXGroup;
			children = (
				27DCD7CB1BF5E0E700201075 /* main.m */,
			);
			name = "Supporting Files";
			sourceTree = "<group>";
		};
/* End PBXGroup section */

/* Begin PBXNativeTarget section */
		27DCD7C61BF5E0E700201075 /* PneumaticController */ = {
			isa = PBXNativeTarget;
			buildConfigurationList = 27DCD7E11BF5E0E700201075 /* Build configuration list for PBXNativeTarget "PneumaticController" */;
			buildPhases = (
				27DCD7C31BF5E0E700201075 /* Sources */,
				27DCD7C41BF5E0E700201075 /* Frameworks */,
				27DCD7C51BF5E0E700201075 /* Resources */,
			);
			buildRules = (
			);
			dependencies = (
			);
			name = PneumaticController;
			productName = PneumaticController;
			productReference = 27DCD7C71BF5E0E700201075 /* PneumaticController.app */;
			productType = "com.apple.product-type.application";
		};
/* End PBXNativeTarget section */

/* Begin PBXProject section */
		27DCD7BF1BF5E0E700201075 /* Project object */ = {
			isa = PBXProject;
			attributes = {
				LastUpgradeCheck = 0710;
				ORGANIZATIONNAME = virus1993;
				TargetAttributes = {
					27DCD7C61BF5E0E700201075 = {
						CreatedOnToolsVersion = 7.1;
						DevelopmentTeam = VL4HZ47MVP;
					};
				};
			};
			buildConfigurationList = 27DCD7C21BF5E0E700201075 /* Build configuration list for PBXProject "PneumaticController" */;
			compatibilityVersion = "Xcode 3.2";
			developmentRegion = English;
			hasScannedForEncodings = 0;
			knownRegions = (
				en,
				Base,
			);
			mainGroup = 27DCD7BE1BF5E0E700201075;
			productRefGroup = 27DCD7C81BF5E0E700201075 /* Products */;
			projectDirPath = "";
			projectRoot = "";
			targets = (
				27DCD7C61BF5E0E700201075 /* PneumaticController */,
			);
		};
/* End PBXProject section */

/* Begin PBXResourcesBuildPhase section */
		27DCD7C51BF5E0E700201075 /* Resources */ = {
			isa = PBXResourcesBuildPhase;
			buildActionMask = 2147483647;
			files = (
				27DCD7DD1BF5E0E700201075 /* LaunchScreen.storyboard in Resources */,
				27DCD7DA1BF5E0E700201075 /* Assets.xcassets in Resources */,
				27DCD7D81BF5E0E700201075 /* Main.storyboard in Resources */,
			);
			runOnlyForDeploymentPostprocessing = 0;
		};
/* End PBXResourcesBuildPhase section */

/* Begin PBXSourcesBuildPhase section */
		27DCD7C31BF5E0E700201075 /* Sources */ = {
			isa = PBXSourcesBuildPhase;
			buildActionMask = 2147483647;
			files = (
				27DCD7D51BF5E0E700201075 /* SecondViewController.m in Sources */,
				27DCD7CF1BF5E0E700201075 /* AppDelegate.m in Sources */,
				27DCD7D21BF5E0E700201075 /* FirstViewController.m in Sources */,
				27DCD7CC1BF5E0E700201075 /* main.m in Sources */,
			);
			runOnlyForDeploymentPostprocessing = 0;
		};
/* End PBXSourcesBuildPhase section */

/* Begin PBXVariantGroup section */
		27DCD7D61BF5E0E700201075 /* Main.storyboard */ = {
			isa = PBXVariantGroup;
			children = (
				27DCD7D71BF5E0E700201075 /* Base */,
			);
			name = Main.storyboard;
			sourceTree = "<group>";
		};
		27DCD7DB1BF5E0E700201075 /* LaunchScreen.storyboard */ = {
			isa = PBXVariantGroup;
			children = (
				27DCD7DC1BF5E0E700201075 /* Base */,
			);
			name = LaunchScreen.storyboard;
			sourceTree = "<group>";
		};
/* End PBXVariantGroup section */

/* Begin XCBuildConfiguration section */
		27DCD7DF1BF5E0E700201075 /* Debug */ = {
			isa = XCBuildConfiguration;
			buildSettings = {
				ALWAYS_SEARCH_USER_PATHS = NO;
				CLANG_CXX_LANGUAGE_STANDARD = "gnu++0x";
				CLANG_CXX_LIBRARY = "libc++";
				CLANG_ENABLE_MODULES = YES;
				CLANG_ENABLE_OBJC_ARC = YES;
				CLANG_WARN_BOOL_CONVERSION = YES;
				CLANG_WARN_CONSTANT_CONVERSION = YES;
				CLANG_WARN_DIRECT_OBJC_ISA_USAGE = YES_ERROR;
				CLANG_WARN_EMPTY_BODY = YES;
				CLANG_WARN_ENUM_CONVERSION = YES;
				CLANG_WARN_INT_CONVERSION = YES;
				CLANG_WARN_OBJC_ROOT_CLASS = YES_ERROR;
				CLANG_WARN_UNREACHABLE_CODE = YES;
				CLANG_WARN__DUPLICATE_METHOD_MATCH = YES;
				"CODE_SIGN_IDENTITY[sdk=iphoneos*]" = "iPhone Developer";
				COPY_PHASE_STRIP = NO;
				DEBUG_INFORMATION_FORMAT = dwarf;
				ENABLE_STRICT_OBJC_MSGSEND = YES;
				ENABLE_TESTABILITY = YES;
				GCC_C_LANGUAGE_STANDARD = gnu99;
				GCC_DYNAMIC_NO_PIC = NO;
				GCC_NO_COMMON_BLOCKS = YES;
				GCC_OPTIMIZATION_LEVEL = 0;
				GCC_PREPROCESSOR_DEFINITIONS = (
					"DEBUG=1",
					"$(inherited)",
				);
				GCC_WARN_64_TO_32_BIT_CONVERSION = YES;
				GCC_WARN_ABOUT_RETURN_TYPE = YES_ERROR;
				GCC_WARN_UNDECLARED_SELECTOR = YES;
				GCC_WARN_UNINITIALIZED_AUTOS = YES_AGGRESSIVE;
				GCC_WARN_UNUSED_FUNCTION = YES;
				GCC_WARN_UNUSED_VARIABLE = YES;
				IPHONEOS_DEPLOYMENT_TARGET = 9.1;
				MTL_ENABLE_DEBUG_INFO = YES;
				ONLY_ACTIVE_ARCH = YES;
				SDKROOT = iphoneos;
			};
			name = Debug;
		};
		27DCD7E01BF5E0E700201075 /* Release */ = {
			isa = XCBuildConfiguration;
			buildSettings = {
				ALWAYS_SEARCH_USER_PATHS = NO;
				CLANG_CXX_LANGUAGE_STANDARD = "gnu++0x";
				CLANG_CXX_LIBRARY = "libc++";
				CLANG_ENABLE_MODULES = YES;
				CLANG_ENABLE_OBJC_ARC = YES;
				CLANG_WARN_BOOL_CONVERSION = YES;
				CLANG_WARN_CONSTANT_CONVERSION = YES;
				CLANG_WARN_DIRECT_OBJC_ISA_USAGE = YES_ERROR;
				CLANG_WARN_EMPTY_BODY = YES;
				CLANG_WARN_ENUM_CONVERSION = YES;
				CLANG_WARN_INT_CONVERSION = YES;
				CLANG_WARN_OBJC_ROOT_CLASS = YES_ERROR;
				CLANG_WARN_UNREACHABLE_CODE = YES;
				CLANG_WARN__DUPLICATE_METHOD_MATCH = YES;
				"CODE_SIGN_IDENTITY[sdk=iphoneos*]" = "iPhone Developer";
				COPY_PHASE_STRIP = NO;
				DEBUG_INFORMATION_FORMAT = "dwarf-with-dsym";
				ENABLE_NS_ASSERTIONS = NO;
				ENABLE_STRICT_OBJC_MSGSEND = YES;
				GCC_C_LANGUAGE_STANDARD = gnu99;
				GCC_NO_COMMON_BLOCKS = YES;
				GCC_WARN_64_TO_32_BIT_CONVERSION = YES;
				GCC_WARN_ABOUT_RETURN_TYPE = YES_ERROR;
				GCC_WARN_UNDECLARED_SELECTOR = YES;
				GCC_WARN_UNINITIALIZED_AUTOS = YES_AGGRESSIVE;
				GCC_WARN_UNUSED_FUNCTION = YES;
				GCC_WARN_UNUSED_VARIABLE = YES;
				IPHONEOS_DEPLOYMENT_TARGET = 9.1;
				MTL_ENABLE_DEBUG_INFO = NO;
				SDKROOT = iphoneos;
				VALIDATE_PRODUCT = YES;
			};
			name = Release;
		};
		27DCD7E21BF5E0E700201075 /* Debug */ = {
			isa = XCBuildConfiguration;
			buildSettings = {
				ASSETCATALOG_COMPILER_APPICON_NAME = AppIcon;
				CODE_SIGN_IDENTITY = "iPhone Developer";
				INFOPLIST_FILE = PneumaticController/Info.plist;
				LD_RUNPATH_SEARCH_PATHS = "$(inherited) @executable_path/Frameworks";
				PRODUCT_BUNDLE_IDENTIFIER = com.apress.PneumaticController;
				PRODUCT_NAME = "$(TARGET_NAME)";
			};
			name = Debug;
		};
		27DCD7E31BF5E0E700201075 /* Release */ = {
			isa = XCBuildConfiguration;
			buildSettings = {
				ASSETCATALOG_COMPILER_APPICON_NAME = AppIcon;
				CODE_SIGN_IDENTITY = "iPhone Developer";
				INFOPLIST_FILE = PneumaticController/Info.plist;
				LD_RUNPATH_SEARCH_PATHS = "$(inherited) @executable_path/Frameworks";
				PRODUCT_BUNDLE_IDENTIFIER = com.apress.PneumaticController;
				PRODUCT_NAME = "$(TARGET_NAME)";
			};
			name = Release;
		};
/* End XCBuildConfiguration section */

/* Begin XCConfigurationList section */
		27DCD7C21BF5E0E700201075 /* Build configuration list for PBXProject "PneumaticController" */ = {
			isa = XCConfigurationList;
			buildConfigurations = (
				27DCD7DF1BF5E0E700201075 /* Debug */,
				27DCD7E01BF5E0E700201075 /* Release */,
			);
			defaultConfigurationIsVisible = 0;
			defaultConfigurationName = Release;
		};
		27DCD7E11BF5E0E700201075 /* Build configuration list for PBXNativeTarget "PneumaticController" */ = {
			isa = XCConfigurationList;
			buildConfigurations = (
				27DCD7E21BF5E0E700201075 /* Debug */,
				27DCD7E31BF5E0E700201075 /* Release */,
			);
			defaultConfigurationIsVisible = 0;
		};
/* End XCConfigurationList section */
	};
	rootObject = 27DCD7BF1BF5E0E700201075 /* Project object */;
}
